
Microsoft Visual Studio Solution File, Format Version 12.00
# Visual Studio Version 16
VisualStudioVersion = 16.0.34114.132
MinimumVisualStudioVersion = 10.0.40219.1
Project("{2150E333-8FDC-42A3-9474-1A3956D46DE8}") = "Task0", "Task0", "{9CF79CD7-26AC-4611-A909-DAFDD1410C68}"
EndProject
Project("{FAE04EC0-301F-11D3-BF4B-00C04F79EFBC}") = "Tyuiu.PostikaAO.Sprint5.Task0.V30", "Tyuiu.PostikaAO.Sprint5.Task0.V30\Tyuiu.PostikaAO.Sprint5.Task0.V30.csproj", "{9BB20F16-062D-43BE-80AF-1D7D496859A1}"
EndProject
Project("{FAE04EC0-301F-11D3-BF4B-00C04F79EFBC}") = "Tyuiu.PostikaAO.Sprint5.Task0.V30.Lib", "Tyuiu.PostikaAO.Sprint5.Task0.V30.Lib\Tyuiu.PostikaAO.Sprint5.Task0.V30.Lib.csproj", "{8DFC2475-AB74-4E17-BF51-29CA8219FE18}"
EndProject
Project("{FAE04EC0-301F-11D3-BF4B-00C04F79EFBC}") = "Tyuiu.PostikaAO.Sprint5.Task0.V30.Test", "Tyuiu.PostikaAO.Sprint5.Task0.V30.Test\Tyuiu.PostikaAO.Sprint5.Task0.V30.Test.csproj", "{77590DAC-3C66-4C3A-8A3E-0ADCC33CD436}"
EndProject
Project("{2150E333-8FDC-42A3-9474-1A3956D46DE8}") = "Task1", "Task1", "{F33098DE-71C4-4B4F-9908-EE27321F0E9E}"
EndProject
Project("{FAE04EC0-301F-11D3-BF4B-00C04F79EFBC}") = "Tyuiu.PostikaAO.Sprint5.Task1.V15", "Tyuiu.PostikaAO.Sprint5.Task1.V15\Tyuiu.PostikaAO.Sprint5.Task1.V15.csproj", "{719124AD-FA41-49D2-ABED-9C24FFA21127}"
EndProject
Project("{FAE04EC0-301F-11D3-BF4B-00C04F79EFBC}") = "Tyuiu.PostikaAO.Sprint5.Task1.V15.Lib", "Tyuiu.PostikaAO.Sprint5.Task1.V15.Lib\Tyuiu.PostikaAO.Sprint5.Task1.V15.Lib.csproj", "{5B3FC4FE-1929-4E0D-BBDF-B88361F7EF07}"
EndProject
Project("{FAE04EC0-301F-11D3-BF4B-00C04F79EFBC}") = "Tyuiu.PostikaAO.Sprint5.Task1.V15.Test", "Tyuiu.PostikaAO.Sprint5.Task1.V15.Test\Tyuiu.PostikaAO.Sprint5.Task1.V15.Test.csproj", "{B80782F3-910E-4CE9-B9CB-6A8755BBFF57}"
EndProject
Project("{2150E333-8FDC-42A3-9474-1A3956D46DE8}") = "Task2", "Task2", "{7B823F2B-2F40-419F-8DFE-4F97B0200EBC}"
EndProject
Project("{FAE04EC0-301F-11D3-BF4B-00C04F79EFBC}") = "Tyuiu.PostikaAO.Sprint5.Task2.V13", "Tyuiu.PostikaAO.Sprint5.Task2.V13\Tyuiu.PostikaAO.Sprint5.Task2.V13.csproj", "{1D2809D1-90D3-48FE-99F7-383C62B045B1}"
EndProject
Project("{FAE04EC0-301F-11D3-BF4B-00C04F79EFBC}") = "Tyuiu.PostikaAO.Sprint5.Task2.V13.Lib", "Tyuiu.PostikaAO.Sprint5.Task2.V13.Lib\Tyuiu.PostikaAO.Sprint5.Task2.V13.Lib.csproj", "{8D756214-6958-4659-90C1-27F059A23DFC}"
EndProject
Project("{FAE04EC0-301F-11D3-BF4B-00C04F79EFBC}") = "Tyuiu.PostikaAO.Sprint5.Task2.V13.Test", "Tyuiu.PostikaAO.Sprint5.Task2.V13.Test\Tyuiu.PostikaAO.Sprint5.Task2.V13.Test.csproj", "{5062B716-1329-4559-9C3F-A265676D32B2}"
EndProject
Project("{2150E333-8FDC-42A3-9474-1A3956D46DE8}") = "Task3", "Task3", "{20420F53-DC65-47DD-86D2-184C9982E18D}"
EndProject
Project("{FAE04EC0-301F-11D3-BF4B-00C04F79EFBC}") = "Tyuiu.PostikaAO.Sprint5.Task3.V23", "Tyuiu.PostikaAO.Sprint5.Task3.V23\Tyuiu.PostikaAO.Sprint5.Task3.V23.csproj", "{614DC477-8046-401C-B781-836A4A6E7190}"
EndProject
Project("{FAE04EC0-301F-11D3-BF4B-00C04F79EFBC}") = "Tyuiu.PostikaAO.Sprint5.Task3.V23.Lib", "Tyuiu.PostikaAO.Sprint5.Task3.V23.Lib\Tyuiu.PostikaAO.Sprint5.Task3.V23.Lib.csproj", "{FC4781B8-1FB7-4A36-B6F5-3148D288F996}"
EndProject
Project("{FAE04EC0-301F-11D3-BF4B-00C04F79EFBC}") = "Tyuiu.PostikaAO.Sprint5.Task3.V23.Test", "Tyuiu.PostikaAO.Sprint5.Task3.V23.Test\Tyuiu.PostikaAO.Sprint5.Task3.V23.Test.csproj", "{E9E9A10E-E53B-4C72-AECA-40089185B817}"
EndProject
Project("{2150E333-8FDC-42A3-9474-1A3956D46DE8}") = "Task4", "Task4", "{846589E7-83FD-43EF-A3F5-FD8BD144515A}"
EndProject
Project("{FAE04EC0-301F-11D3-BF4B-00C04F79EFBC}") = "Tyuiu.PostikaAO.Sprint5.Task4.V11", "Tyuiu.PostikaAO.Sprint5.Task4.V11\Tyuiu.PostikaAO.Sprint5.Task4.V11.csproj", "{70E87AFD-45C6-486D-939A-42300F8B7A10}"
EndProject
Project("{FAE04EC0-301F-11D3-BF4B-00C04F79EFBC}") = "Tyuiu.PostikaAO.Sprint5.Task4.V11.Lib", "Tyuiu.PostikaAO.Sprint5.Task4.V11.Lib\Tyuiu.PostikaAO.Sprint5.Task4.V11.Lib.csproj", "{86BC957D-0418-4287-95EA-558F28540C76}"
EndProject
Project("{FAE04EC0-301F-11D3-BF4B-00C04F79EFBC}") = "Tyuiu.PostikaAO.Sprint5.Task4.V11.Test", "Tyuiu.PostikaAO.Sprint5.Task4.V11.Test\Tyuiu.PostikaAO.Sprint5.Task4.V11.Test.csproj", "{AF823B4F-6598-4710-9EC6-2FC5811FC85B}"
EndProject
Global
	GlobalSection(SolutionConfigurationPlatforms) = preSolution
		Debug|Any CPU = Debug|Any CPU
		Release|Any CPU = Release|Any CPU
	EndGlobalSection
	GlobalSection(ProjectConfigurationPlatforms) = postSolution
		{9BB20F16-062D-43BE-80AF-1D7D496859A1}.Debug|Any CPU.ActiveCfg = Debug|Any CPU
		{9BB20F16-062D-43BE-80AF-1D7D496859A1}.Debug|Any CPU.Build.0 = Debug|Any CPU
		{9BB20F16-062D-43BE-80AF-1D7D496859A1}.Release|Any CPU.ActiveCfg = Release|Any CPU
		{9BB20F16-062D-43BE-80AF-1D7D496859A1}.Release|Any CPU.Build.0 = Release|Any CPU
		{8DFC2475-AB74-4E17-BF51-29CA8219FE18}.Debug|Any CPU.ActiveCfg = Debug|Any CPU
		{8DFC2475-AB74-4E17-BF51-29CA8219FE18}.Debug|Any CPU.Build.0 = Debug|Any CPU
		{8DFC2475-AB74-4E17-BF51-29CA8219FE18}.Release|Any CPU.ActiveCfg = Release|Any CPU
		{8DFC2475-AB74-4E17-BF51-29CA8219FE18}.Release|Any CPU.Build.0 = Release|Any CPU
		{77590DAC-3C66-4C3A-8A3E-0ADCC33CD436}.Debug|Any CPU.ActiveCfg = Debug|Any CPU
		{77590DAC-3C66-4C3A-8A3E-0ADCC33CD436}.Debug|Any CPU.Build.0 = Debug|Any CPU
		{77590DAC-3C66-4C3A-8A3E-0ADCC33CD436}.Release|Any CPU.ActiveCfg = Release|Any CPU
		{77590DAC-3C66-4C3A-8A3E-0ADCC33CD436}.Release|Any CPU.Build.0 = Release|Any CPU
		{719124AD-FA41-49D2-ABED-9C24FFA21127}.Debug|Any CPU.ActiveCfg = Debug|Any CPU
		{719124AD-FA41-49D2-ABED-9C24FFA21127}.Debug|Any CPU.Build.0 = Debug|Any CPU
		{719124AD-FA41-49D2-ABED-9C24FFA21127}.Release|Any CPU.ActiveCfg = Release|Any CPU
		{719124AD-FA41-49D2-ABED-9C24FFA21127}.Release|Any CPU.Build.0 = Release|Any CPU
		{5B3FC4FE-1929-4E0D-BBDF-B88361F7EF07}.Debug|Any CPU.ActiveCfg = Debug|Any CPU
		{5B3FC4FE-1929-4E0D-BBDF-B88361F7EF07}.Debug|Any CPU.Build.0 = Debug|Any CPU
		{5B3FC4FE-1929-4E0D-BBDF-B88361F7EF07}.Release|Any CPU.ActiveCfg = Release|Any CPU
		{5B3FC4FE-1929-4E0D-BBDF-B88361F7EF07}.Release|Any CPU.Build.0 = Release|Any CPU
		{B80782F3-910E-4CE9-B9CB-6A8755BBFF57}.Debug|Any CPU.ActiveCfg = Debug|Any CPU
		{B80782F3-910E-4CE9-B9CB-6A8755BBFF57}.Debug|Any CPU.Build.0 = Debug|Any CPU
		{B80782F3-910E-4CE9-B9CB-6A8755BBFF57}.Release|Any CPU.ActiveCfg = Release|Any CPU
		{B80782F3-910E-4CE9-B9CB-6A8755BBFF57}.Release|Any CPU.Build.0 = Release|Any CPU
		{1D2809D1-90D3-48FE-99F7-383C62B045B1}.Debug|Any CPU.ActiveCfg = Debug|Any CPU
		{1D2809D1-90D3-48FE-99F7-383C62B045B1}.Debug|Any CPU.Build.0 = Debug|Any CPU
		{1D2809D1-90D3-48FE-99F7-383C62B045B1}.Release|Any CPU.ActiveCfg = Release|Any CPU
		{1D2809D1-90D3-48FE-99F7-383C62B045B1}.Release|Any CPU.Build.0 = Release|Any CPU
		{8D756214-6958-4659-90C1-27F059A23DFC}.Debug|Any CPU.ActiveCfg = Debug|Any CPU
		{8D756214-6958-4659-90C1-27F059A23DFC}.Debug|Any CPU.Build.0 = Debug|Any CPU
		{8D756214-6958-4659-90C1-27F059A23DFC}.Release|Any CPU.ActiveCfg = Release|Any CPU
		{8D756214-6958-4659-90C1-27F059A23DFC}.Release|Any CPU.Build.0 = Release|Any CPU
		{5062B716-1329-4559-9C3F-A265676D32B2}.Debug|Any CPU.ActiveCfg = Debug|Any CPU
		{5062B716-1329-4559-9C3F-A265676D32B2}.Debug|Any CPU.Build.0 = Debug|Any CPU
		{5062B716-1329-4559-9C3F-A265676D32B2}.Release|Any CPU.ActiveCfg = Release|Any CPU
		{5062B716-1329-4559-9C3F-A265676D32B2}.Release|Any CPU.Build.0 = Release|Any CPU
		{614DC477-8046-401C-B781-836A4A6E7190}.Debug|Any CPU.ActiveCfg = Debug|Any CPU
		{614DC477-8046-401C-B781-836A4A6E7190}.Debug|Any CPU.Build.0 = Debug|Any CPU
		{614DC477-8046-401C-B781-836A4A6E7190}.Release|Any CPU.ActiveCfg = Release|Any CPU
		{614DC477-8046-401C-B781-836A4A6E7190}.Release|Any CPU.Build.0 = Release|Any CPU
		{FC4781B8-1FB7-4A36-B6F5-3148D288F996}.Debug|Any CPU.ActiveCfg = Debug|Any CPU
		{FC4781B8-1FB7-4A36-B6F5-3148D288F996}.Debug|Any CPU.Build.0 = Debug|Any CPU
		{FC4781B8-1FB7-4A36-B6F5-3148D288F996}.Release|Any CPU.ActiveCfg = Release|Any CPU
		{FC4781B8-1FB7-4A36-B6F5-3148D288F996}.Release|Any CPU.Build.0 = Release|Any CPU
		{E9E9A10E-E53B-4C72-AECA-40089185B817}.Debug|Any CPU.ActiveCfg = Debug|Any CPU
		{E9E9A10E-E53B-4C72-AECA-40089185B817}.Debug|Any CPU.Build.0 = Debug|Any CPU
		{E9E9A10E-E53B-4C72-AECA-40089185B817}.Release|Any CPU.ActiveCfg = Release|Any CPU
		{E9E9A10E-E53B-4C72-AECA-40089185B817}.Release|Any CPU.Build.0 = Release|Any CPU
		{70E87AFD-45C6-486D-939A-42300F8B7A10}.Debug|Any CPU.ActiveCfg = Debug|Any CPU
		{70E87AFD-45C6-486D-939A-42300F8B7A10}.Debug|Any CPU.Build.0 = Debug|Any CPU
		{70E87AFD-45C6-486D-939A-42300F8B7A10}.Release|Any CPU.ActiveCfg = Release|Any CPU
		{70E87AFD-45C6-486D-939A-42300F8B7A10}.Release|Any CPU.Build.0 = Release|Any CPU
		{86BC957D-0418-4287-95EA-558F28540C76}.Debug|Any CPU.ActiveCfg = Debug|Any CPU
		{86BC957D-0418-4287-95EA-558F28540C76}.Debug|Any CPU.Build.0 = Debug|Any CPU
		{86BC957D-0418-4287-95EA-558F28540C76}.Release|Any CPU.ActiveCfg = Release|Any CPU
		{86BC957D-0418-4287-95EA-558F28540C76}.Release|Any CPU.Build.0 = Release|Any CPU
		{AF823B4F-6598-4710-9EC6-2FC5811FC85B}.Debug|Any CPU.ActiveCfg = Debug|Any CPU
		{AF823B4F-6598-4710-9EC6-2FC5811FC85B}.Debug|Any CPU.Build.0 = Debug|Any CPU
		{AF823B4F-6598-4710-9EC6-2FC5811FC85B}.Release|Any CPU.ActiveCfg = Release|Any CPU
		{AF823B4F-6598-4710-9EC6-2FC5811FC85B}.Release|Any CPU.Build.0 = Release|Any CPU
	EndGlobalSection
	GlobalSection(SolutionProperties) = preSolution
		HideSolutionNode = FALSE
	EndGlobalSection
	GlobalSection(NestedProjects) = preSolution
		{9BB20F16-062D-43BE-80AF-1D7D496859A1} = {9CF79CD7-26AC-4611-A909-DAFDD1410C68}
		{8DFC2475-AB74-4E17-BF51-29CA8219FE18} = {9CF79CD7-26AC-4611-A909-DAFDD1410C68}
		{77590DAC-3C66-4C3A-8A3E-0ADCC33CD436} = {9CF79CD7-26AC-4611-A909-DAFDD1410C68}
		{719124AD-FA41-49D2-ABED-9C24FFA21127} = {F33098DE-71C4-4B4F-9908-EE27321F0E9E}
		{5B3FC4FE-1929-4E0D-BBDF-B88361F7EF07} = {F33098DE-71C4-4B4F-9908-EE27321F0E9E}
		{B80782F3-910E-4CE9-B9CB-6A8755BBFF57} = {F33098DE-71C4-4B4F-9908-EE27321F0E9E}
		{1D2809D1-90D3-48FE-99F7-383C62B045B1} = {7B823F2B-2F40-419F-8DFE-4F97B0200EBC}
		{8D756214-6958-4659-90C1-27F059A23DFC} = {7B823F2B-2F40-419F-8DFE-4F97B0200EBC}
		{5062B716-1329-4559-9C3F-A265676D32B2} = {7B823F2B-2F40-419F-8DFE-4F97B0200EBC}
		{614DC477-8046-401C-B781-836A4A6E7190} = {20420F53-DC65-47DD-86D2-184C9982E18D}
		{FC4781B8-1FB7-4A36-B6F5-3148D288F996} = {20420F53-DC65-47DD-86D2-184C9982E18D}
		{E9E9A10E-E53B-4C72-AECA-40089185B817} = {20420F53-DC65-47DD-86D2-184C9982E18D}
		{70E87AFD-45C6-486D-939A-42300F8B7A10} = {846589E7-83FD-43EF-A3F5-FD8BD144515A}
		{86BC957D-0418-4287-95EA-558F28540C76} = {846589E7-83FD-43EF-A3F5-FD8BD144515A}
		{AF823B4F-6598-4710-9EC6-2FC5811FC85B} = {846589E7-83FD-43EF-A3F5-FD8BD144515A}
	EndGlobalSection
	GlobalSection(ExtensibilityGlobals) = postSolution
		SolutionGuid = {8548A652-DBD5-4624-943A-215063710DAC}
	EndGlobalSection
EndGlobal
